{
	"name": "marko",
	"version": "4.18.13",
	"lockfileVersion": 1,
	"requires": true,
	"dependencies": {
		"eslint-config-prettier": {
			"version": "3.6.0",
			"resolved": "https://registry.npmjs.org/eslint-config-prettier/-/eslint-config-prettier-3.6.0.tgz",
			"integrity": "sha512-ixJ4U3uTLXwJts4rmSVW/lMXjlGwCijhBJHk8iVqKKSifeI0qgFEfWl8L63isfc8Od7EiBALF6BX3jKLluf/jQ==",
			"dev": true,
			"requires": {
				"get-stdin": "^6.0.0"
			},
			"dependencies": {
				"get-stdin": {
					"version": "6.0.0",
					"resolved": "https://registry.npmjs.org/get-stdin/-/get-stdin-6.0.0.tgz",
					"integrity": "sha512-jp4tHawyV7+fkkSKyvjuLZswblUtz+SQKzSWnBbii16BuZksJlU1wuBYXY75r+duh/llF1ur6oNwi+2ZzjKZ7g==",
					"dev": true
				}
			}
		}
	}
}
