{
	"name": "@marko/compiler",
	"version": "5.0.0-next.50",
	"lockfileVersion": 1,
	"requires": true,
	"dependencies": {
		"lasso-caching-fs": {
			"version": "1.0.2",
			"resolved": "https://registry.npmjs.org/lasso-caching-fs/-/lasso-caching-fs-1.0.2.tgz",
			"integrity": "sha1-m+TrHwaqwSYDRMrq70LC8AhusQ0=",
			"requires": {
				"raptor-async": "^1.1.2"
			},
			"dependencies": {
				"raptor-async": {
					"version": "1.1.3",
					"resolved": "https://registry.npmjs.org/raptor-async/-/raptor-async-1.1.3.tgz",
					"integrity": "sha1-uDw8m2A9yYXCw6n3jStAc+b2Akw="
				}
			}
		}
	}
}
